// !$*UTF8*$!
{
	archiveVersion = 1;
	classes = {
	};
	objectVersion = 45;
	objects = {

/* Begin PBXBuildFile section */
		1D3623260D0F684500981E51 /* AppDelegate.m in Sources */ = {isa = PBXBuildFile; fileRef = 1D3623250D0F684500981E51 /* AppDelegate.m */; };
		1D3623EC0D0F72F000981E51 /* CoreGraphics.framework in Frameworks */ = {isa = PBXBuildFile; fileRef = 1D3623EB0D0F72F000981E51 /* CoreGraphics.framework */; };
		1D60589B0D05DD56006BFB54 /* main.m in Sources */ = {isa = PBXBuildFile; fileRef = 29B97316FDCFA39411CA2CEA /* main.m */; };
		1D60589F0D05DD5A006BFB54 /* Foundation.framework in Frameworks */ = {isa = PBXBuildFile; fileRef = 1D30AB110D05D00D00671497 /* Foundation.framework */; };
		1DF5F4E00D08C38300B7A737 /* UIKit.framework in Frameworks */ = {isa = PBXBuildFile; fileRef = 1DF5F4DF0D08C38300B7A737 /* UIKit.framework */; };
		DA054BE10E36164D002BC368 /* Settings.bundle in Resources */ = {isa = PBXBuildFile; fileRef = DA054BE00E36164D002BC368 /* Settings.bundle */; };
		DA19BDFB0D8553180074AE48 /* ControlViewController.m in Sources */ = {isa = PBXBuildFile; fileRef = DA19BDFA0D8553180074AE48 /* ControlViewController.m */; };
		DA19BEDD0D856EC30074AE48 /* Volume.m in Sources */ = {isa = PBXBuildFile; fileRef = DA19BEDC0D856EC30074AE48 /* Volume.m */; };
		DA2710C90D838A3200C25B85 /* Event.m in Sources */ = {isa = PBXBuildFile; fileRef = DA2710C80D838A3200C25B85 /* Event.m */; };
		DA2713270D84056800C25B85 /* EventListController.m in Sources */ = {isa = PBXBuildFile; fileRef = DA2713260D84056800C25B85 /* EventListController.m */; };
		DA27136C0D84071100C25B85 /* EventTableViewCell.m in Sources */ = {isa = PBXBuildFile; fileRef = DA27136B0D84071100C25B85 /* EventTableViewCell.m */; };
		DA426A4A0D86BE4400444631 /* RemoteConnectorObject.m in Sources */ = {isa = PBXBuildFile; fileRef = DA426A490D86BE4400444631 /* RemoteConnectorObject.m */; };
		DA7FD6750D8423E300974B1A /* MainViewController.m in Sources */ = {isa = PBXBuildFile; fileRef = DA7FD6740D8423E300974B1A /* MainViewController.m */; };
		DA7FD6C90D8428F900974B1A /* Localizable.strings in Resources */ = {isa = PBXBuildFile; fileRef = DA7FD6C80D8428F900974B1A /* Localizable.strings */; };
		DA7FD6D60D84296500974B1A /* MyCustomCell.m in Sources */ = {isa = PBXBuildFile; fileRef = DA7FD6D50D84296500974B1A /* MyCustomCell.m */; };
		DA7FD7560D84307700974B1A /* TimerListController.m in Sources */ = {isa = PBXBuildFile; fileRef = DA7FD7550D84307700974B1A /* TimerListController.m */; };
		DA7FD7660D84338600974B1A /* TimerTableViewCell.m in Sources */ = {isa = PBXBuildFile; fileRef = DA7FD7650D84338600974B1A /* TimerTableViewCell.m */; };
		DA7FD7690D84339500974B1A /* Timer.m in Sources */ = {isa = PBXBuildFile; fileRef = DA7FD7680D84339500974B1A /* Timer.m */; };
		DA8FE2870E3558CB000B32C3 /* BaseXMLReader.m in Sources */ = {isa = PBXBuildFile; fileRef = DA8FE2860E3558CB000B32C3 /* BaseXMLReader.m */; };
		DA8FE28A0E3558DE000B32C3 /* ServiceXMLReader.m in Sources */ = {isa = PBXBuildFile; fileRef = DA8FE2890E3558DE000B32C3 /* ServiceXMLReader.m */; };
		DA8FE3380E356036000B32C3 /* EventXMLReader.m in Sources */ = {isa = PBXBuildFile; fileRef = DA8FE3370E356036000B32C3 /* EventXMLReader.m */; };
		DAA464B40E35E46400A1940D /* TimerXMLReader.m in Sources */ = {isa = PBXBuildFile; fileRef = DAA464B30E35E46400A1940D /* TimerXMLReader.m */; };
		DAA464BA0E35E4CC00A1940D /* VolumeXMLReader.m in Sources */ = {isa = PBXBuildFile; fileRef = DAA464B90E35E4CC00A1940D /* VolumeXMLReader.m */; };
		DAB5FA030D845F7A0074D998 /* EventViewController.m in Sources */ = {isa = PBXBuildFile; fileRef = DAB5FA020D845F7A0074D998 /* EventViewController.m */; };
		DAC3B7EB0D85A55A00696B06 /* TimerViewController.m in Sources */ = {isa = PBXBuildFile; fileRef = DAC3B7EA0D85A55A00696B06 /* TimerViewController.m */; };
		DACFCCF00E33CAD100348996 /* MainWindow.xib in Resources */ = {isa = PBXBuildFile; fileRef = DACFCCEE0E33CAD100348996 /* MainWindow.xib */; };
		DAD51A480D82E6BE00A769F3 /* Enigma2Connector.m in Sources */ = {isa = PBXBuildFile; fileRef = DAD51A470D82E6BE00A769F3 /* Enigma2Connector.m */; };
		DAD51D730D8303FF00A769F3 /* ServiceListController.m in Sources */ = {isa = PBXBuildFile; fileRef = DAD51D720D8303FF00A769F3 /* ServiceListController.m */; };
		DAD51DE60D8308D100A769F3 /* ServiceTableViewCell.m in Sources */ = {isa = PBXBuildFile; fileRef = DAD51DE50D8308D100A769F3 /* ServiceTableViewCell.m */; };
		DAD51DF30D830A3900A769F3 /* Service.m in Sources */ = {isa = PBXBuildFile; fileRef = DAD51DF20D830A3900A769F3 /* Service.m */; };
		DAD52A730D89E1BE000DB1A1 /* DatePickerController.m in Sources */ = {isa = PBXBuildFile; fileRef = DAD52A720D89E1BE000DB1A1 /* DatePickerController.m */; };
/* End PBXBuildFile section */

/* Begin PBXFileReference section */
		1D30AB110D05D00D00671497 /* Foundation.framework */ = {isa = PBXFileReference; lastKnownFileType = wrapper.framework; name = Foundation.framework; path = System/Library/Frameworks/Foundation.framework; sourceTree = SDKROOT; };
		1D3623240D0F684500981E51 /* AppDelegate.h */ = {isa = PBXFileReference; fileEncoding = 4; lastKnownFileType = sourcecode.c.h; path = AppDelegate.h; sourceTree = "<group>"; };
		1D3623250D0F684500981E51 /* AppDelegate.m */ = {isa = PBXFileReference; fileEncoding = 4; lastKnownFileType = sourcecode.c.objc; path = AppDelegate.m; sourceTree = "<group>"; };
		1D3623EB0D0F72F000981E51 /* CoreGraphics.framework */ = {isa = PBXFileReference; lastKnownFileType = wrapper.framework; name = CoreGraphics.framework; path = System/Library/Frameworks/CoreGraphics.framework; sourceTree = SDKROOT; };
		1D6058910D05DD3D006BFB54 /* Untitled.app */ = {isa = PBXFileReference; explicitFileType = wrapper.application; includeInIndex = 0; path = Untitled.app; sourceTree = BUILT_PRODUCTS_DIR; };
		1DF5F4DF0D08C38300B7A737 /* UIKit.framework */ = {isa = PBXFileReference; lastKnownFileType = wrapper.framework; name = UIKit.framework; path = System/Library/Frameworks/UIKit.framework; sourceTree = SDKROOT; };
		29B97316FDCFA39411CA2CEA /* main.m */ = {isa = PBXFileReference; fileEncoding = 4; lastKnownFileType = sourcecode.c.objc; path = main.m; sourceTree = "<group>"; };
		32CA4F630368D1EE00C91783 /* Untitled_Prefix.pch */ = {isa = PBXFileReference; fileEncoding = 4; lastKnownFileType = sourcecode.c.h; path = Untitled_Prefix.pch; sourceTree = "<group>"; };
		8D1107310486CEB800E47090 /* Info.plist */ = {isa = PBXFileReference; fileEncoding = 4; lastKnownFileType = text.plist.xml; path = Info.plist; sourceTree = "<group>"; };
		DA054BE00E36164D002BC368 /* Settings.bundle */ = {isa = PBXFileReference; lastKnownFileType = "wrapper.plug-in"; path = Settings.bundle; sourceTree = "<group>"; };
		DA19BDF90D8553180074AE48 /* ControlViewController.h */ = {isa = PBXFileReference; fileEncoding = 4; lastKnownFileType = sourcecode.c.h; path = ControlViewController.h; sourceTree = "<group>"; };
		DA19BDFA0D8553180074AE48 /* ControlViewController.m */ = {isa = PBXFileReference; fileEncoding = 4; lastKnownFileType = sourcecode.c.objc; path = ControlViewController.m; sourceTree = "<group>"; };
		DA19BEDB0D856EC30074AE48 /* Volume.h */ = {isa = PBXFileReference; fileEncoding = 4; lastKnownFileType = sourcecode.c.h; path = Volume.h; sourceTree = "<group>"; };
		DA19BEDC0D856EC30074AE48 /* Volume.m */ = {isa = PBXFileReference; fileEncoding = 4; lastKnownFileType = sourcecode.c.objc; path = Volume.m; sourceTree = "<group>"; };
		DA2710C70D838A3200C25B85 /* Event.h */ = {isa = PBXFileReference; fileEncoding = 4; lastKnownFileType = sourcecode.c.h; path = Event.h; sourceTree = "<group>"; };
		DA2710C80D838A3200C25B85 /* Event.m */ = {isa = PBXFileReference; fileEncoding = 4; lastKnownFileType = sourcecode.c.objc; path = Event.m; sourceTree = "<group>"; };
		DA2713250D84056800C25B85 /* EventListController.h */ = {isa = PBXFileReference; fileEncoding = 4; lastKnownFileType = sourcecode.c.h; path = EventListController.h; sourceTree = "<group>"; };
		DA2713260D84056800C25B85 /* EventListController.m */ = {isa = PBXFileReference; fileEncoding = 4; lastKnownFileType = sourcecode.c.objc; path = EventListController.m; sourceTree = "<group>"; };
		DA27136A0D84071100C25B85 /* EventTableViewCell.h */ = {isa = PBXFileReference; fileEncoding = 4; lastKnownFileType = sourcecode.c.h; path = EventTableViewCell.h; sourceTree = "<group>"; };
		DA27136B0D84071100C25B85 /* EventTableViewCell.m */ = {isa = PBXFileReference; fileEncoding = 4; lastKnownFileType = sourcecode.c.objc; path = EventTableViewCell.m; sourceTree = "<group>"; };
		DA426A480D86BE4400444631 /* RemoteConnectorObject.h */ = {isa = PBXFileReference; fileEncoding = 4; lastKnownFileType = sourcecode.c.h; path = RemoteConnectorObject.h; sourceTree = "<group>"; };
		DA426A490D86BE4400444631 /* RemoteConnectorObject.m */ = {isa = PBXFileReference; fileEncoding = 4; lastKnownFileType = sourcecode.c.objc; path = RemoteConnectorObject.m; sourceTree = "<group>"; };
		DA7FD6730D8423E300974B1A /* MainViewController.h */ = {isa = PBXFileReference; fileEncoding = 4; lastKnownFileType = sourcecode.c.h; path = MainViewController.h; sourceTree = "<group>"; };
		DA7FD6740D8423E300974B1A /* MainViewController.m */ = {isa = PBXFileReference; fileEncoding = 4; lastKnownFileType = sourcecode.c.objc; path = MainViewController.m; sourceTree = "<group>"; };
		DA7FD6C40D8428E500974B1A /* English */ = {isa = PBXFileReference; fileEncoding = 10; lastKnownFileType = text.plist.strings; name = English; path = English.lproj/Localizable.strings; sourceTree = "<group>"; };
		DA7FD6D40D84296500974B1A /* MyCustomCell.h */ = {isa = PBXFileReference; fileEncoding = 4; lastKnownFileType = sourcecode.c.h; path = MyCustomCell.h; sourceTree = "<group>"; };
		DA7FD6D50D84296500974B1A /* MyCustomCell.m */ = {isa = PBXFileReference; fileEncoding = 4; lastKnownFileType = sourcecode.c.objc; path = MyCustomCell.m; sourceTree = "<group>"; };
		DA7FD7540D84307700974B1A /* TimerListController.h */ = {isa = PBXFileReference; fileEncoding = 4; lastKnownFileType = sourcecode.c.h; path = TimerListController.h; sourceTree = "<group>"; };
		DA7FD7550D84307700974B1A /* TimerListController.m */ = {isa = PBXFileReference; fileEncoding = 4; lastKnownFileType = sourcecode.c.objc; path = TimerListController.m; sourceTree = "<group>"; };
		DA7FD7640D84338600974B1A /* TimerTableViewCell.h */ = {isa = PBXFileReference; fileEncoding = 4; lastKnownFileType = sourcecode.c.h; path = TimerTableViewCell.h; sourceTree = "<group>"; };
		DA7FD7650D84338600974B1A /* TimerTableViewCell.m */ = {isa = PBXFileReference; fileEncoding = 4; lastKnownFileType = sourcecode.c.objc; path = TimerTableViewCell.m; sourceTree = "<group>"; };
		DA7FD7670D84339500974B1A /* Timer.h */ = {isa = PBXFileReference; fileEncoding = 4; lastKnownFileType = sourcecode.c.h; path = Timer.h; sourceTree = "<group>"; };
		DA7FD7680D84339500974B1A /* Timer.m */ = {isa = PBXFileReference; fileEncoding = 4; lastKnownFileType = sourcecode.c.objc; path = Timer.m; sourceTree = "<group>"; };
		DA7FD7720D84345100974B1A /* Constants.h */ = {isa = PBXFileReference; fileEncoding = 4; lastKnownFileType = sourcecode.c.h; path = Constants.h; sourceTree = "<group>"; };
		DA8FE2850E3558C2000B32C3 /* BaseXMLReader.h */ = {isa = PBXFileReference; fileEncoding = 4; lastKnownFileType = sourcecode.c.h; path = BaseXMLReader.h; sourceTree = "<group>"; };
		DA8FE2860E3558CB000B32C3 /* BaseXMLReader.m */ = {isa = PBXFileReference; fileEncoding = 4; lastKnownFileType = sourcecode.c.objc; path = BaseXMLReader.m; sourceTree = "<group>"; };
		DA8FE2880E3558D5000B32C3 /* ServiceXMLReader.h */ = {isa = PBXFileReference; fileEncoding = 4; lastKnownFileType = sourcecode.c.h; path = ServiceXMLReader.h; sourceTree = "<group>"; };
		DA8FE2890E3558DE000B32C3 /* ServiceXMLReader.m */ = {isa = PBXFileReference; fileEncoding = 4; lastKnownFileType = sourcecode.c.objc; path = ServiceXMLReader.m; sourceTree = "<group>"; };
		DA8FE3360E35602B000B32C3 /* EventXMLReader.h */ = {isa = PBXFileReference; fileEncoding = 4; lastKnownFileType = sourcecode.c.h; path = EventXMLReader.h; sourceTree = "<group>"; };
		DA8FE3370E356036000B32C3 /* EventXMLReader.m */ = {isa = PBXFileReference; fileEncoding = 4; lastKnownFileType = sourcecode.c.objc; path = EventXMLReader.m; sourceTree = "<group>"; };
		DAA464B20E35E45B00A1940D /* TimerXMLReader.h */ = {isa = PBXFileReference; fileEncoding = 4; lastKnownFileType = sourcecode.c.h; path = TimerXMLReader.h; sourceTree = "<group>"; };
		DAA464B30E35E46400A1940D /* TimerXMLReader.m */ = {isa = PBXFileReference; fileEncoding = 4; lastKnownFileType = sourcecode.c.objc; path = TimerXMLReader.m; sourceTree = "<group>"; };
		DAA464B80E35E4C500A1940D /* VolumeXMLReader.h */ = {isa = PBXFileReference; fileEncoding = 4; lastKnownFileType = sourcecode.c.h; path = VolumeXMLReader.h; sourceTree = "<group>"; };
		DAA464B90E35E4CC00A1940D /* VolumeXMLReader.m */ = {isa = PBXFileReference; fileEncoding = 4; lastKnownFileType = sourcecode.c.objc; path = VolumeXMLReader.m; sourceTree = "<group>"; };
		DAB5FA010D845F7A0074D998 /* EventViewController.h */ = {isa = PBXFileReference; fileEncoding = 4; lastKnownFileType = sourcecode.c.h; path = EventViewController.h; sourceTree = "<group>"; };
		DAB5FA020D845F7A0074D998 /* EventViewController.m */ = {isa = PBXFileReference; fileEncoding = 4; lastKnownFileType = sourcecode.c.objc; path = EventViewController.m; sourceTree = "<group>"; };
		DAC3B7E90D85A55A00696B06 /* TimerViewController.h */ = {isa = PBXFileReference; fileEncoding = 4; lastKnownFileType = sourcecode.c.h; path = TimerViewController.h; sourceTree = "<group>"; };
		DAC3B7EA0D85A55A00696B06 /* TimerViewController.m */ = {isa = PBXFileReference; fileEncoding = 4; lastKnownFileType = sourcecode.c.objc; path = TimerViewController.m; sourceTree = "<group>"; };
		DACFCCEF0E33CAD100348996 /* English */ = {isa = PBXFileReference; lastKnownFileType = file.xib; name = English; path = English.lproj/MainWindow.xib; sourceTree = "<group>"; };
		DAD51A390D82E34C00A769F3 /* RemoteConnector.h */ = {isa = PBXFileReference; fileEncoding = 4; lastKnownFileType = sourcecode.c.h; path = RemoteConnector.h; sourceTree = "<group>"; };
		DAD51A460D82E6BE00A769F3 /* Enigma2Connector.h */ = {isa = PBXFileReference; fileEncoding = 4; lastKnownFileType = sourcecode.c.h; path = Enigma2Connector.h; sourceTree = "<group>"; };
		DAD51A470D82E6BE00A769F3 /* Enigma2Connector.m */ = {isa = PBXFileReference; fileEncoding = 4; lastKnownFileType = sourcecode.c.objc; path = Enigma2Connector.m; sourceTree = "<group>"; };
		DAD51D710D8303FF00A769F3 /* ServiceListController.h */ = {isa = PBXFileReference; fileEncoding = 4; lastKnownFileType = sourcecode.c.h; path = ServiceListController.h; sourceTree = "<group>"; };
		DAD51D720D8303FF00A769F3 /* ServiceListController.m */ = {isa = PBXFileReference; fileEncoding = 4; lastKnownFileType = sourcecode.c.objc; path = ServiceListController.m; sourceTree = "<group>"; };
		DAD51D7C0D8304AD00A769F3 /* AppDelegateMethods.h */ = {isa = PBXFileReference; fileEncoding = 4; lastKnownFileType = sourcecode.c.h; path = AppDelegateMethods.h; sourceTree = "<group>"; };
		DAD51DE40D8308D100A769F3 /* ServiceTableViewCell.h */ = {isa = PBXFileReference; fileEncoding = 4; lastKnownFileType = sourcecode.c.h; path = ServiceTableViewCell.h; sourceTree = "<group>"; };
		DAD51DE50D8308D100A769F3 /* ServiceTableViewCell.m */ = {isa = PBXFileReference; fileEncoding = 4; lastKnownFileType = sourcecode.c.objc; path = ServiceTableViewCell.m; sourceTree = "<group>"; };
		DAD51DF10D830A3900A769F3 /* Service.h */ = {isa = PBXFileReference; fileEncoding = 4; lastKnownFileType = sourcecode.c.h; path = Service.h; sourceTree = "<group>"; };
		DAD51DF20D830A3900A769F3 /* Service.m */ = {isa = PBXFileReference; fileEncoding = 4; lastKnownFileType = sourcecode.c.objc; path = Service.m; sourceTree = "<group>"; };
		DAD52A710D89E1BE000DB1A1 /* DatePickerController.h */ = {isa = PBXFileReference; fileEncoding = 4; lastKnownFileType = sourcecode.c.h; path = DatePickerController.h; sourceTree = "<group>"; };
		DAD52A720D89E1BE000DB1A1 /* DatePickerController.m */ = {isa = PBXFileReference; fileEncoding = 4; lastKnownFileType = sourcecode.c.objc; path = DatePickerController.m; sourceTree = "<group>"; };
/* End PBXFileReference section */

/* Begin PBXFrameworksBuildPhase section */
		1D60588F0D05DD3D006BFB54 /* Frameworks */ = {
			isa = PBXFrameworksBuildPhase;
			buildActionMask = 2147483647;
			files = (
				1D60589F0D05DD5A006BFB54 /* Foundation.framework in Frameworks */,
				1DF5F4E00D08C38300B7A737 /* UIKit.framework in Frameworks */,
				1D3623EC0D0F72F000981E51 /* CoreGraphics.framework in Frameworks */,
			);
			runOnlyForDeploymentPostprocessing = 0;
		};
/* End PBXFrameworksBuildPhase section */

/* Begin PBXGroup section */
		080E96DDFE201D6D7F000001 /* Classes */ = {
			isa = PBXGroup;
			children = (
				DAA464B90E35E4CC00A1940D /* VolumeXMLReader.m */,
				DAA464B80E35E4C500A1940D /* VolumeXMLReader.h */,
				DAA464B30E35E46400A1940D /* TimerXMLReader.m */,
				DAA464B20E35E45B00A1940D /* TimerXMLReader.h */,
				DA8FE3370E356036000B32C3 /* EventXMLReader.m */,
				DA8FE3360E35602B000B32C3 /* EventXMLReader.h */,
				DA8FE2890E3558DE000B32C3 /* ServiceXMLReader.m */,
				DA8FE2880E3558D5000B32C3 /* ServiceXMLReader.h */,
				DA8FE2860E3558CB000B32C3 /* BaseXMLReader.m */,
				DA8FE2850E3558C2000B32C3 /* BaseXMLReader.h */,
				DAD51A390D82E34C00A769F3 /* RemoteConnector.h */,
				DA2710C70D838A3200C25B85 /* Event.h */,
				DA2710C80D838A3200C25B85 /* Event.m */,
				DAD51D7C0D8304AD00A769F3 /* AppDelegateMethods.h */,
				DAD51DE40D8308D100A769F3 /* ServiceTableViewCell.h */,
				DAD51DE50D8308D100A769F3 /* ServiceTableViewCell.m */,
				DAD51DF10D830A3900A769F3 /* Service.h */,
				DAD51DF20D830A3900A769F3 /* Service.m */,
				DA7FD7720D84345100974B1A /* Constants.h */,
				DAD51D710D8303FF00A769F3 /* ServiceListController.h */,
				DAD51D720D8303FF00A769F3 /* ServiceListController.m */,
				DAD51A460D82E6BE00A769F3 /* Enigma2Connector.h */,
				DAD51A470D82E6BE00A769F3 /* Enigma2Connector.m */,
				1D3623240D0F684500981E51 /* AppDelegate.h */,
				1D3623250D0F684500981E51 /* AppDelegate.m */,
				DA2713250D84056800C25B85 /* EventListController.h */,
				DA2713260D84056800C25B85 /* EventListController.m */,
				DA27136A0D84071100C25B85 /* EventTableViewCell.h */,
				DA27136B0D84071100C25B85 /* EventTableViewCell.m */,
				DA7FD6730D8423E300974B1A /* MainViewController.h */,
				DA7FD6740D8423E300974B1A /* MainViewController.m */,
				DA7FD6D40D84296500974B1A /* MyCustomCell.h */,
				DA7FD6D50D84296500974B1A /* MyCustomCell.m */,
				DA7FD7540D84307700974B1A /* TimerListController.h */,
				DA7FD7550D84307700974B1A /* TimerListController.m */,
				DA7FD7640D84338600974B1A /* TimerTableViewCell.h */,
				DA7FD7650D84338600974B1A /* TimerTableViewCell.m */,
				DA7FD7670D84339500974B1A /* Timer.h */,
				DA7FD7680D84339500974B1A /* Timer.m */,
				DAB5FA010D845F7A0074D998 /* EventViewController.h */,
				DAB5FA020D845F7A0074D998 /* EventViewController.m */,
				DA19BDF90D8553180074AE48 /* ControlViewController.h */,
				DA19BDFA0D8553180074AE48 /* ControlViewController.m */,
				DA19BEDB0D856EC30074AE48 /* Volume.h */,
				DA19BEDC0D856EC30074AE48 /* Volume.m */,
				DAC3B7E90D85A55A00696B06 /* TimerViewController.h */,
				DAC3B7EA0D85A55A00696B06 /* TimerViewController.m */,
				DA426A480D86BE4400444631 /* RemoteConnectorObject.h */,
				DA426A490D86BE4400444631 /* RemoteConnectorObject.m */,
				DAD52A710D89E1BE000DB1A1 /* DatePickerController.h */,
				DAD52A720D89E1BE000DB1A1 /* DatePickerController.m */,
			);
			path = Classes;
			sourceTree = "<group>";
		};
		1058C7A0FEA54F0111CA2CBB /* Linked Frameworks */ = {
			isa = PBXGroup;
			children = (
				1D3623EB0D0F72F000981E51 /* CoreGraphics.framework */,
				1DF5F4DF0D08C38300B7A737 /* UIKit.framework */,
				1D30AB110D05D00D00671497 /* Foundation.framework */,
			);
			name = "Linked Frameworks";
			sourceTree = "<group>";
		};
		1058C7A2FEA54F0111CA2CBB /* Other Frameworks */ = {
			isa = PBXGroup;
			children = (
			);
			name = "Other Frameworks";
			sourceTree = "<group>";
		};
		19C28FACFE9D520D11CA2CBB /* Products */ = {
			isa = PBXGroup;
			children = (
				DA054BE00E36164D002BC368 /* Settings.bundle */,
				1D6058910D05DD3D006BFB54 /* Untitled.app */,
			);
			name = Products;
			sourceTree = "<group>";
		};
		29B97314FDCFA39411CA2CEA /* CustomTemplate */ = {
			isa = PBXGroup;
			children = (
				080E96DDFE201D6D7F000001 /* Classes */,
				29B97315FDCFA39411CA2CEA /* Other Sources */,
				29B97317FDCFA39411CA2CEA /* Resources */,
				29B97323FDCFA39411CA2CEA /* Frameworks */,
				19C28FACFE9D520D11CA2CBB /* Products */,
			);
			name = CustomTemplate;
			sourceTree = "<group>";
		};
		29B97315FDCFA39411CA2CEA /* Other Sources */ = {
			isa = PBXGroup;
			children = (
				32CA4F630368D1EE00C91783 /* Untitled_Prefix.pch */,
				29B97316FDCFA39411CA2CEA /* main.m */,
			);
			name = "Other Sources";
			sourceTree = "<group>";
		};
		29B97317FDCFA39411CA2CEA /* Resources */ = {
			isa = PBXGroup;
			children = (
				DACFCCEE0E33CAD100348996 /* MainWindow.xib */,
				8D1107310486CEB800E47090 /* Info.plist */,
				DA7FD6C80D8428F900974B1A /* Localizable.strings */,
			);
			name = Resources;
			sourceTree = "<group>";
		};
		29B97323FDCFA39411CA2CEA /* Frameworks */ = {
			isa = PBXGroup;
			children = (
				1058C7A0FEA54F0111CA2CBB /* Linked Frameworks */,
				1058C7A2FEA54F0111CA2CBB /* Other Frameworks */,
			);
			name = Frameworks;
			sourceTree = "<group>";
		};
/* End PBXGroup section */

/* Begin PBXNativeTarget section */
		1D6058900D05DD3D006BFB54 /* Untitled */ = {
			isa = PBXNativeTarget;
			buildConfigurationList = 1D6058960D05DD3E006BFB54 /* Build configuration list for PBXNativeTarget "Untitled" */;
			buildPhases = (
				1D60588D0D05DD3D006BFB54 /* Resources */,
				1D60588E0D05DD3D006BFB54 /* Sources */,
				1D60588F0D05DD3D006BFB54 /* Frameworks */,
			);
			buildRules = (
			);
			dependencies = (
			);
			name = Untitled;
			productName = Untitled;
			productReference = 1D6058910D05DD3D006BFB54 /* Untitled.app */;
			productType = "com.apple.product-type.application";
		};
/* End PBXNativeTarget section */

/* Begin PBXProject section */
		29B97313FDCFA39411CA2CEA /* Project object */ = {
			isa = PBXProject;
			buildConfigurationList = C01FCF4E08A954540054247B /* Build configuration list for PBXProject "Untitled" */;
			compatibilityVersion = "Xcode 3.1";
			hasScannedForEncodings = 1;
			mainGroup = 29B97314FDCFA39411CA2CEA /* CustomTemplate */;
			projectDirPath = "";
			projectRoot = "";
			targets = (
				1D6058900D05DD3D006BFB54 /* Untitled */,
			);
		};
/* End PBXProject section */

/* Begin PBXResourcesBuildPhase section */
		1D60588D0D05DD3D006BFB54 /* Resources */ = {
			isa = PBXResourcesBuildPhase;
			buildActionMask = 2147483647;
			files = (
				DA7FD6C90D8428F900974B1A /* Localizable.strings in Resources */,
				DACFCCF00E33CAD100348996 /* MainWindow.xib in Resources */,
				DA054BE10E36164D002BC368 /* Settings.bundle in Resources */,
			);
			runOnlyForDeploymentPostprocessing = 0;
		};
/* End PBXResourcesBuildPhase section */

/* Begin PBXSourcesBuildPhase section */
		1D60588E0D05DD3D006BFB54 /* Sources */ = {
			isa = PBXSourcesBuildPhase;
			buildActionMask = 2147483647;
			files = (
				1D60589B0D05DD56006BFB54 /* main.m in Sources */,
				1D3623260D0F684500981E51 /* AppDelegate.m in Sources */,
				DAD51A480D82E6BE00A769F3 /* Enigma2Connector.m in Sources */,
				DAD51D730D8303FF00A769F3 /* ServiceListController.m in Sources */,
				DAD51DE60D8308D100A769F3 /* ServiceTableViewCell.m in Sources */,
				DAD51DF30D830A3900A769F3 /* Service.m in Sources */,
				DA2710C90D838A3200C25B85 /* Event.m in Sources */,
				DA2713270D84056800C25B85 /* EventListController.m in Sources */,
				DA27136C0D84071100C25B85 /* EventTableViewCell.m in Sources */,
				DA7FD6750D8423E300974B1A /* MainViewController.m in Sources */,
				DA7FD6D60D84296500974B1A /* MyCustomCell.m in Sources */,
				DA7FD7560D84307700974B1A /* TimerListController.m in Sources */,
				DA7FD7660D84338600974B1A /* TimerTableViewCell.m in Sources */,
				DA7FD7690D84339500974B1A /* Timer.m in Sources */,
				DAB5FA030D845F7A0074D998 /* EventViewController.m in Sources */,
				DA19BDFB0D8553180074AE48 /* ControlViewController.m in Sources */,
				DA19BEDD0D856EC30074AE48 /* Volume.m in Sources */,
				DAC3B7EB0D85A55A00696B06 /* TimerViewController.m in Sources */,
				DA426A4A0D86BE4400444631 /* RemoteConnectorObject.m in Sources */,
				DAD52A730D89E1BE000DB1A1 /* DatePickerController.m in Sources */,
				DA8FE2870E3558CB000B32C3 /* BaseXMLReader.m in Sources */,
				DA8FE28A0E3558DE000B32C3 /* ServiceXMLReader.m in Sources */,
				DA8FE3380E356036000B32C3 /* EventXMLReader.m in Sources */,
				DAA464B40E35E46400A1940D /* TimerXMLReader.m in Sources */,
				DAA464BA0E35E4CC00A1940D /* VolumeXMLReader.m in Sources */,
			);
			runOnlyForDeploymentPostprocessing = 0;
		};
/* End PBXSourcesBuildPhase section */

/* Begin PBXVariantGroup section */
		DA7FD6C80D8428F900974B1A /* Localizable.strings */ = {
			isa = PBXVariantGroup;
			children = (
				DA7FD6C40D8428E500974B1A /* English */,
			);
			name = Localizable.strings;
			sourceTree = "<group>";
		};
		DACFCCEE0E33CAD100348996 /* MainWindow.xib */ = {
			isa = PBXVariantGroup;
			children = (
				DACFCCEF0E33CAD100348996 /* English */,
			);
			name = MainWindow.xib;
			sourceTree = "<group>";
		};
/* End PBXVariantGroup section */

/* Begin XCBuildConfiguration section */
		1D6058940D05DD3E006BFB54 /* Debug */ = {
			isa = XCBuildConfiguration;
			buildSettings = {
				COPY_PHASE_STRIP = NO;
				DEBUG_INFORMATION_FORMAT = "dwarf-with-dsym";
				GCC_DYNAMIC_NO_PIC = NO;
				GCC_ENABLE_FIX_AND_CONTINUE = NO;
				GCC_OPTIMIZATION_LEVEL = 0;
				GCC_PRECOMPILE_PREFIX_HEADER = YES;
				GCC_PREFIX_HEADER = Untitled_Prefix.pch;
				INFOPLIST_FILE = Info.plist;
				PREBINDING = NO;
				PRODUCT_NAME = Untitled;
			};
			name = Debug;
		};
		1D6058950D05DD3E006BFB54 /* Release */ = {
			isa = XCBuildConfiguration;
			buildSettings = {
				COPY_PHASE_STRIP = YES;
				DEBUG_INFORMATION_FORMAT = "dwarf-with-dsym";
				GCC_ENABLE_FIX_AND_CONTINUE = NO;
				GCC_PRECOMPILE_PREFIX_HEADER = YES;
				GCC_PREFIX_HEADER = Untitled_Prefix.pch;
				INFOPLIST_FILE = Info.plist;
				PREBINDING = NO;
				PRODUCT_NAME = Untitled;
				WRAPPER_EXTENSION = app;
			};
			name = Release;
		};
		C01FCF4F08A954540054247B /* Debug */ = {
			isa = XCBuildConfiguration;
			buildSettings = {
				ALWAYS_SEARCH_USER_PATHS = NO;
				ARCHS = "$(ARCHS_STANDARD_32_BIT)";
				"CODE_SIGN_IDENTITY[sdk=iphoneos*]" = "iPhone Developer";
				GCC_C_LANGUAGE_STANDARD = c99;
				GCC_WARN_ABOUT_RETURN_TYPE = YES;
				GCC_WARN_UNUSED_VARIABLE = YES;
				ONLY_ACTIVE_ARCH = YES;
				PREBINDING = NO;
				SDKROOT = iphonesimulator2.0;
			};
			name = Debug;
		};
		C01FCF5008A954540054247B /* Release */ = {
			isa = XCBuildConfiguration;
			buildSettings = {
				ARCHS = "$(ARCHS_STANDARD_32_BIT)";
				"CODE_SIGN_IDENTITY[sdk=iphoneos*]" = "iPhone Developer";
				PREBINDING = NO;
				SDKROOT = iphonesimulator2.0;
			};
			name = Release;
		};
/* End XCBuildConfiguration section */

/* Begin XCConfigurationList section */
		1D6058960D05DD3E006BFB54 /* Build configuration list for PBXNativeTarget "Untitled" */ = {
			isa = XCConfigurationList;
			buildConfigurations = (
				1D6058940D05DD3E006BFB54 /* Debug */,
				1D6058950D05DD3E006BFB54 /* Release */,
			);
			defaultConfigurationIsVisible = 0;
			defaultConfigurationName = Release;
		};
		C01FCF4E08A954540054247B /* Build configuration list for PBXProject "Untitled" */ = {
			isa = XCConfigurationList;
			buildConfigurations = (
				C01FCF4F08A954540054247B /* Debug */,
				C01FCF5008A954540054247B /* Release */,
			);
			defaultConfigurationIsVisible = 0;
			defaultConfigurationName = Release;
		};
/* End XCConfigurationList section */
	};
	rootObject = 29B97313FDCFA39411CA2CEA /* Project object */;
}
